
Microsoft Visual Studio Solution File, Format Version 12.00
# Visual Studio Version 17
VisualStudioVersion = 17.5.33530.505
MinimumVisualStudioVersion = 10.0.40219.1
Project("{888888A0-9F3D-457C-B088-3A5042F75D52}") = "Minimal", "Minimal.pyproj", "{F139CC23-1B2C-4026-A389-CFF70B6550A6}"
EndProject
Global
	GlobalSection(SolutionConfigurationPlatforms) = preSolution
		Debug|Any CPU = Debug|Any CPU
		Release|Any CPU = Release|Any CPU
	EndGlobalSection
	GlobalSection(ProjectConfigurationPlatforms) = postSolution
		{F139CC23-1B2C-4026-A389-CFF70B6550A6}.Debug|Any CPU.ActiveCfg = Debug|Any CPU
		{F139CC23-1B2C-4026-A389-CFF70B6550A6}.Release|Any CPU.ActiveCfg = Release|Any CPU
	EndGlobalSection
	GlobalSection(SolutionProperties) = preSolution
		HideSolutionNode = FALSE
	EndGlobalSection
	GlobalSection(ExtensibilityGlobals) = postSolution
		SolutionGuid = {D529AE4B-C059-4D86-A4F5-EA33F6C1428D}
	EndGlobalSection
EndGlobal
